
Microsoft Visual Studio Solution File, Format Version 12.00
# Visual Studio Version 17
VisualStudioVersion = 17.3.32922.545
MinimumVisualStudioVersion = 10.0.40219.1
Project("{9A19103F-16F7-4668-BE54-9A1E7A4F7556}") = "Idt.Api", "Sources\Idt.Api\Idt.Api.csproj", "{53954EEF-F6C7-4BC2-88AD-BC18C5079721}"
EndProject
Project("{9A19103F-16F7-4668-BE54-9A1E7A4F7556}") = "Idt.Data", "Sources\Idt.Data\Idt.Data.csproj", "{9CA831DF-3E7B-4DE1-8BDA-A4A6164A0A0A}"
EndProject
Project("{9A19103F-16F7-4668-BE54-9A1E7A4F7556}") = "Idt.Domain", "Sources\Idt.Domain\Idt.Domain.csproj", "{651F98C2-EED4-4120-91FD-E6070CA750FC}"
EndProject
Project("{9A19103F-16F7-4668-BE54-9A1E7A4F7556}") = "Idt.Application", "Sources\Idt.Application\Idt.Application.csproj", "{50B11D70-26C4-4CB0-893A-D99E1CC305F5}"
EndProject
Project("{9A19103F-16F7-4668-BE54-9A1E7A4F7556}") = "Idt.Features", "Sources\Idt.Features\Idt.Features.csproj", "{63279078-0FCD-4806-82C7-69E81C1164CA}"
EndProject
Project("{2150E333-8FDC-42A3-9474-1A3956D46DE8}") = "Sources", "Sources", "{4A2AD7C9-EDD7-453B-A884-F643E6F931CC}"
EndProject
Project("{2150E333-8FDC-42A3-9474-1A3956D46DE8}") = "Tests", "Tests", "{B5C99846-F628-4136-AFDE-DF327BF5A9F6}"
EndProject
Project("{9A19103F-16F7-4668-BE54-9A1E7A4F7556}") = "Idt.Api.Tests", "Tests\Idt.Api.Tests\Idt.Api.Tests.csproj", "{CE01D0D3-2BF7-4D3D-B664-D48C428E2FBA}"
EndProject
Project("{9A19103F-16F7-4668-BE54-9A1E7A4F7556}") = "Idt.Application.Tests", "Tests\Idt.Application.Tests\Idt.Application.Tests.csproj", "{09BEC090-F3C4-4F5B-832F-1058A3A84C8C}"
EndProject
Project("{9A19103F-16F7-4668-BE54-9A1E7A4F7556}") = "Idt.Data.Tests", "Tests\Idt.Data.Tests\Idt.Data.Tests.csproj", "{35397307-FD24-4DA0-99CB-616DCAC10B06}"
EndProject
Project("{FAE04EC0-301F-11D3-BF4B-00C04F79EFBC}") = "Idt.Features.Tests", "Tests\Idt.Features.Tests\Idt.Features.Tests.csproj", "{76447459-FF71-4B99-932A-B5887A64723D}"
EndProject
Global
	GlobalSection(SolutionConfigurationPlatforms) = preSolution
		Debug|Any CPU = Debug|Any CPU
		Release|Any CPU = Release|Any CPU
	EndGlobalSection
	GlobalSection(ProjectConfigurationPlatforms) = postSolution
		{53954EEF-F6C7-4BC2-88AD-BC18C5079721}.Debug|Any CPU.ActiveCfg = Debug|Any CPU
		{53954EEF-F6C7-4BC2-88AD-BC18C5079721}.Debug|Any CPU.Build.0 = Debug|Any CPU
		{53954EEF-F6C7-4BC2-88AD-BC18C5079721}.Release|Any CPU.ActiveCfg = Release|Any CPU
		{53954EEF-F6C7-4BC2-88AD-BC18C5079721}.Release|Any CPU.Build.0 = Release|Any CPU
		{9CA831DF-3E7B-4DE1-8BDA-A4A6164A0A0A}.Debug|Any CPU.ActiveCfg = Debug|Any CPU
		{9CA831DF-3E7B-4DE1-8BDA-A4A6164A0A0A}.Debug|Any CPU.Build.0 = Debug|Any CPU
		{9CA831DF-3E7B-4DE1-8BDA-A4A6164A0A0A}.Release|Any CPU.ActiveCfg = Release|Any CPU
		{9CA831DF-3E7B-4DE1-8BDA-A4A6164A0A0A}.Release|Any CPU.Build.0 = Release|Any CPU
		{651F98C2-EED4-4120-91FD-E6070CA750FC}.Debug|Any CPU.ActiveCfg = Debug|Any CPU
		{651F98C2-EED4-4120-91FD-E6070CA750FC}.Debug|Any CPU.Build.0 = Debug|Any CPU
		{651F98C2-EED4-4120-91FD-E6070CA750FC}.Release|Any CPU.ActiveCfg = Release|Any CPU
		{651F98C2-EED4-4120-91FD-E6070CA750FC}.Release|Any CPU.Build.0 = Release|Any CPU
		{50B11D70-26C4-4CB0-893A-D99E1CC305F5}.Debug|Any CPU.ActiveCfg = Debug|Any CPU
		{50B11D70-26C4-4CB0-893A-D99E1CC305F5}.Debug|Any CPU.Build.0 = Debug|Any CPU
		{50B11D70-26C4-4CB0-893A-D99E1CC305F5}.Release|Any CPU.ActiveCfg = Release|Any CPU
		{50B11D70-26C4-4CB0-893A-D99E1CC305F5}.Release|Any CPU.Build.0 = Release|Any CPU
		{63279078-0FCD-4806-82C7-69E81C1164CA}.Debug|Any CPU.ActiveCfg = Debug|Any CPU
		{63279078-0FCD-4806-82C7-69E81C1164CA}.Debug|Any CPU.Build.0 = Debug|Any CPU
		{63279078-0FCD-4806-82C7-69E81C1164CA}.Release|Any CPU.ActiveCfg = Release|Any CPU
		{63279078-0FCD-4806-82C7-69E81C1164CA}.Release|Any CPU.Build.0 = Release|Any CPU
		{CE01D0D3-2BF7-4D3D-B664-D48C428E2FBA}.Debug|Any CPU.ActiveCfg = Debug|Any CPU
		{CE01D0D3-2BF7-4D3D-B664-D48C428E2FBA}.Debug|Any CPU.Build.0 = Debug|Any CPU
		{CE01D0D3-2BF7-4D3D-B664-D48C428E2FBA}.Release|Any CPU.ActiveCfg = Release|Any CPU
		{CE01D0D3-2BF7-4D3D-B664-D48C428E2FBA}.Release|Any CPU.Build.0 = Release|Any CPU
		{09BEC090-F3C4-4F5B-832F-1058A3A84C8C}.Debug|Any CPU.ActiveCfg = Debug|Any CPU
		{09BEC090-F3C4-4F5B-832F-1058A3A84C8C}.Debug|Any CPU.Build.0 = Debug|Any CPU
		{09BEC090-F3C4-4F5B-832F-1058A3A84C8C}.Release|Any CPU.ActiveCfg = Release|Any CPU
		{09BEC090-F3C4-4F5B-832F-1058A3A84C8C}.Release|Any CPU.Build.0 = Release|Any CPU
		{35397307-FD24-4DA0-99CB-616DCAC10B06}.Debug|Any CPU.ActiveCfg = Debug|Any CPU
		{35397307-FD24-4DA0-99CB-616DCAC10B06}.Debug|Any CPU.Build.0 = Debug|Any CPU
		{35397307-FD24-4DA0-99CB-616DCAC10B06}.Release|Any CPU.ActiveCfg = Release|Any CPU
		{35397307-FD24-4DA0-99CB-616DCAC10B06}.Release|Any CPU.Build.0 = Release|Any CPU
		{76447459-FF71-4B99-932A-B5887A64723D}.Debug|Any CPU.ActiveCfg = Debug|Any CPU
		{76447459-FF71-4B99-932A-B5887A64723D}.Debug|Any CPU.Build.0 = Debug|Any CPU
		{76447459-FF71-4B99-932A-B5887A64723D}.Release|Any CPU.ActiveCfg = Release|Any CPU
		{76447459-FF71-4B99-932A-B5887A64723D}.Release|Any CPU.Build.0 = Release|Any CPU
	EndGlobalSection
	GlobalSection(SolutionProperties) = preSolution
		HideSolutionNode = FALSE
	EndGlobalSection
	GlobalSection(NestedProjects) = preSolution
		{53954EEF-F6C7-4BC2-88AD-BC18C5079721} = {4A2AD7C9-EDD7-453B-A884-F643E6F931CC}
		{9CA831DF-3E7B-4DE1-8BDA-A4A6164A0A0A} = {4A2AD7C9-EDD7-453B-A884-F643E6F931CC}
		{651F98C2-EED4-4120-91FD-E6070CA750FC} = {4A2AD7C9-EDD7-453B-A884-F643E6F931CC}
		{50B11D70-26C4-4CB0-893A-D99E1CC305F5} = {4A2AD7C9-EDD7-453B-A884-F643E6F931CC}
		{63279078-0FCD-4806-82C7-69E81C1164CA} = {4A2AD7C9-EDD7-453B-A884-F643E6F931CC}
		{CE01D0D3-2BF7-4D3D-B664-D48C428E2FBA} = {B5C99846-F628-4136-AFDE-DF327BF5A9F6}
		{09BEC090-F3C4-4F5B-832F-1058A3A84C8C} = {B5C99846-F628-4136-AFDE-DF327BF5A9F6}
		{35397307-FD24-4DA0-99CB-616DCAC10B06} = {B5C99846-F628-4136-AFDE-DF327BF5A9F6}
		{76447459-FF71-4B99-932A-B5887A64723D} = {B5C99846-F628-4136-AFDE-DF327BF5A9F6}
	EndGlobalSection
	GlobalSection(ExtensibilityGlobals) = postSolution
		SolutionGuid = {CD12DB54-E640-413D-8735-A4AB08A594FC}
	EndGlobalSection
EndGlobal
